// !$*UTF8*$!
{
	archiveVersion = 1;
	classes = {
	};
	objectVersion = 52;
	objects = {

/* Begin PBXBuildFile section */
		D28F131624F8E72600E629A6 /* AppDelegate.swift in Sources */ = {isa = PBXBuildFile; fileRef = D28F131524F8E72600E629A6 /* AppDelegate.swift */; };
		D28F131824F8E72600E629A6 /* SceneDelegate.swift in Sources */ = {isa = PBXBuildFile; fileRef = D28F131724F8E72600E629A6 /* SceneDelegate.swift */; };
		D28F131A24F8E72600E629A6 /* ViewController.swift in Sources */ = {isa = PBXBuildFile; fileRef = D28F131924F8E72600E629A6 /* ViewController.swift */; };
		D28F131D24F8E72600E629A6 /* Main.storyboard in Resources */ = {isa = PBXBuildFile; fileRef = D28F131B24F8E72600E629A6 /* Main.storyboard */; };
		D28F131F24F8E72800E629A6 /* Assets.xcassets in Resources */ = {isa = PBXBuildFile; fileRef = D28F131E24F8E72800E629A6 /* Assets.xcassets */; };
		D28F132224F8E72800E629A6 /* LaunchScreen.storyboard in Resources */ = {isa = PBXBuildFile; fileRef = D28F132024F8E72800E629A6 /* LaunchScreen.storyboard */; };
		D28F132B24F8E78700E629A6 /* RxSwift in Frameworks */ = {isa = PBXBuildFile; productRef = D28F132A24F8E78700E629A6 /* RxSwift */; };
		D28F132D24F8E78700E629A6 /* RxCocoa in Frameworks */ = {isa = PBXBuildFile; productRef = D28F132C24F8E78700E629A6 /* RxCocoa */; };
/* End PBXBuildFile section */

/* Begin PBXFileReference section */
		D28F131224F8E72600E629A6 /* ReactiveTestApp.app */ = {isa = PBXFileReference; explicitFileType = wrapper.application; includeInIndex = 0; path = ReactiveTestApp.app; sourceTree = BUILT_PRODUCTS_DIR; };
		D28F131524F8E72600E629A6 /* AppDelegate.swift */ = {isa = PBXFileReference; lastKnownFileType = sourcecode.swift; path = AppDelegate.swift; sourceTree = "<group>"; };
		D28F131724F8E72600E629A6 /* SceneDelegate.swift */ = {isa = PBXFileReference; lastKnownFileType = sourcecode.swift; path = SceneDelegate.swift; sourceTree = "<group>"; };
		D28F131924F8E72600E629A6 /* ViewController.swift */ = {isa = PBXFileReference; lastKnownFileType = sourcecode.swift; path = ViewController.swift; sourceTree = "<group>"; };
		D28F131C24F8E72600E629A6 /* Base */ = {isa = PBXFileReference; lastKnownFileType = file.storyboard; name = Base; path = Base.lproj/Main.storyboard; sourceTree = "<group>"; };
		D28F131E24F8E72800E629A6 /* Assets.xcassets */ = {isa = PBXFileReference; lastKnownFileType = folder.assetcatalog; path = Assets.xcassets; sourceTree = "<group>"; };
		D28F132124F8E72800E629A6 /* Base */ = {isa = PBXFileReference; lastKnownFileType = file.storyboard; name = Base; path = Base.lproj/LaunchScreen.storyboard; sourceTree = "<group>"; };
		D28F132324F8E72800E629A6 /* Info.plist */ = {isa = PBXFileReference; lastKnownFileType = text.plist.xml; path = Info.plist; sourceTree = "<group>"; };
/* End PBXFileReference section */

/* Begin PBXFrameworksBuildPhase section */
		D28F130F24F8E72600E629A6 /* Frameworks */ = {
			isa = PBXFrameworksBuildPhase;
			buildActionMask = 2147483647;
			files = (
				D28F132D24F8E78700E629A6 /* RxCocoa in Frameworks */,
				D28F132B24F8E78700E629A6 /* RxSwift in Frameworks */,
			);
			runOnlyForDeploymentPostprocessing = 0;
		};
/* End PBXFrameworksBuildPhase section */

/* Begin PBXGroup section */
		D28F130924F8E72600E629A6 = {
			isa = PBXGroup;
			children = (
				D28F131424F8E72600E629A6 /* ReactiveTestApp */,
				D28F131324F8E72600E629A6 /* Products */,
			);
			sourceTree = "<group>";
		};
		D28F131324F8E72600E629A6 /* Products */ = {
			isa = PBXGroup;
			children = (
				D28F131224F8E72600E629A6 /* ReactiveTestApp.app */,
			);
			name = Products;
			sourceTree = "<group>";
		};
		D28F131424F8E72600E629A6 /* ReactiveTestApp */ = {
			isa = PBXGroup;
			children = (
				D28F131524F8E72600E629A6 /* AppDelegate.swift */,
				D28F131724F8E72600E629A6 /* SceneDelegate.swift */,
				D28F131924F8E72600E629A6 /* ViewController.swift */,
				D28F131B24F8E72600E629A6 /* Main.storyboard */,
				D28F131E24F8E72800E629A6 /* Assets.xcassets */,
				D28F132024F8E72800E629A6 /* LaunchScreen.storyboard */,
				D28F132324F8E72800E629A6 /* Info.plist */,
			);
			path = ReactiveTestApp;
			sourceTree = "<group>";
		};
/* End PBXGroup section */

/* Begin PBXNativeTarget section */
		D28F131124F8E72600E629A6 /* ReactiveTestApp */ = {
			isa = PBXNativeTarget;
			buildConfigurationList = D28F132624F8E72800E629A6 /* Build configuration list for PBXNativeTarget "ReactiveTestApp" */;
			buildPhases = (
				D28F130E24F8E72600E629A6 /* Sources */,
				D28F130F24F8E72600E629A6 /* Frameworks */,
				D28F131024F8E72600E629A6 /* Resources */,
			);
			buildRules = (
			);
			dependencies = (
			);
			name = ReactiveTestApp;
			packageProductDependencies = (
				D28F132A24F8E78700E629A6 /* RxSwift */,
				D28F132C24F8E78700E629A6 /* RxCocoa */,
			);
			productName = ReactiveTestApp;
			productReference = D28F131224F8E72600E629A6 /* ReactiveTestApp.app */;
			productType = "com.apple.product-type.application";
		};
/* End PBXNativeTarget section */

/* Begin PBXProject section */
		D28F130A24F8E72600E629A6 /* Project object */ = {
			isa = PBXProject;
			attributes = {
				LastSwiftUpdateCheck = 1160;
				LastUpgradeCheck = 1160;
				ORGANIZATIONNAME = "Anton Kharchevskyi";
				TargetAttributes = {
					D28F131124F8E72600E629A6 = {
						CreatedOnToolsVersion = 11.6;
					};
				};
			};
			buildConfigurationList = D28F130D24F8E72600E629A6 /* Build configuration list for PBXProject "ReactiveTestApp" */;
			compatibilityVersion = "Xcode 9.3";
			developmentRegion = en;
			hasScannedForEncodings = 0;
			knownRegions = (
				en,
				Base,
			);
			mainGroup = D28F130924F8E72600E629A6;
			packageReferences = (
				D28F132924F8E78700E629A6 /* XCRemoteSwiftPackageReference "RxSwift" */,
			);
			productRefGroup = D28F131324F8E72600E629A6 /* Products */;
			projectDirPath = "";
			projectRoot = "";
			targets = (
				D28F131124F8E72600E629A6 /* ReactiveTestApp */,
			);
		};
/* End PBXProject section */

/* Begin PBXResourcesBuildPhase section */
		D28F131024F8E72600E629A6 /* Resources */ = {
			isa = PBXResourcesBuildPhase;
			buildActionMask = 2147483647;
			files = (
				D28F132224F8E72800E629A6 /* LaunchScreen.storyboard in Resources */,
				D28F131F24F8E72800E629A6 /* Assets.xcassets in Resources */,
				D28F131D24F8E72600E629A6 /* Main.storyboard in Resources */,
			);
			runOnlyForDeploymentPostprocessing = 0;
		};
/* End PBXResourcesBuildPhase section */

/* Begin PBXSourcesBuildPhase section */
		D28F130E24F8E72600E629A6 /* Sources */ = {
			isa = PBXSourcesBuildPhase;
			buildActionMask = 2147483647;
			files = (
				D28F131A24F8E72600E629A6 /* ViewController.swift in Sources */,
				D28F131624F8E72600E629A6 /* AppDelegate.swift in Sources */,
				D28F131824F8E72600E629A6 /* SceneDelegate.swift in Sources */,
			);
			runOnlyForDeploymentPostprocessing = 0;
		};
/* End PBXSourcesBuildPhase section */

/* Begin PBXVariantGroup section */
		D28F131B24F8E72600E629A6 /* Main.storyboard */ = {
			isa = PBXVariantGroup;
			children = (
				D28F131C24F8E72600E629A6 /* Base */,
			);
			name = Main.storyboard;
			sourceTree = "<group>";
		};
		D28F132024F8E72800E629A6 /* LaunchScreen.storyboard */ = {
			isa = PBXVariantGroup;
			children = (
				D28F132124F8E72800E629A6 /* Base */,
			);
			name = LaunchScreen.storyboard;
			sourceTree = "<group>";
		};
/* End PBXVariantGroup section */

/* Begin XCBuildConfiguration section */
		D28F132424F8E72800E629A6 /* Debug */ = {
			isa = XCBuildConfiguration;
			buildSettings = {
				ALWAYS_SEARCH_USER_PATHS = NO;
				CLANG_ANALYZER_NONNULL = YES;
				CLANG_ANALYZER_NUMBER_OBJECT_CONVERSION = YES_AGGRESSIVE;
				CLANG_CXX_LANGUAGE_STANDARD = "gnu++14";
				CLANG_CXX_LIBRARY = "libc++";
				CLANG_ENABLE_MODULES = YES;
				CLANG_ENABLE_OBJC_ARC = YES;
				CLANG_ENABLE_OBJC_WEAK = YES;
				CLANG_WARN_BLOCK_CAPTURE_AUTORELEASING = YES;
				CLANG_WARN_BOOL_CONVERSION = YES;
				CLANG_WARN_COMMA = YES;
				CLANG_WARN_CONSTANT_CONVERSION = YES;
				CLANG_WARN_DEPRECATED_OBJC_IMPLEMENTATIONS = YES;
				CLANG_WARN_DIRECT_OBJC_ISA_USAGE = YES_ERROR;
				CLANG_WARN_DOCUMENTATION_COMMENTS = YES;
				CLANG_WARN_EMPTY_BODY = YES;
				CLANG_WARN_ENUM_CONVERSION = YES;
				CLANG_WARN_INFINITE_RECURSION = YES;
				CLANG_WARN_INT_CONVERSION = YES;
				CLANG_WARN_NON_LITERAL_NULL_CONVERSION = YES;
				CLANG_WARN_OBJC_IMPLICIT_RETAIN_SELF = YES;
				CLANG_WARN_OBJC_LITERAL_CONVERSION = YES;
				CLANG_WARN_OBJC_ROOT_CLASS = YES_ERROR;
				CLANG_WARN_RANGE_LOOP_ANALYSIS = YES;
				CLANG_WARN_STRICT_PROTOTYPES = YES;
				CLANG_WARN_SUSPICIOUS_MOVE = YES;
				CLANG_WARN_UNGUARDED_AVAILABILITY = YES_AGGRESSIVE;
				CLANG_WARN_UNREACHABLE_CODE = YES;
				CLANG_WARN__DUPLICATE_METHOD_MATCH = YES;
				COPY_PHASE_STRIP = NO;
				DEBUG_INFORMATION_FORMAT = dwarf;
				ENABLE_STRICT_OBJC_MSGSEND = YES;
				ENABLE_TESTABILITY = YES;
				GCC_C_LANGUAGE_STANDARD = gnu11;
				GCC_DYNAMIC_NO_PIC = NO;
				GCC_NO_COMMON_BLOCKS = YES;
				GCC_OPTIMIZATION_LEVEL = 0;
				GCC_PREPROCESSOR_DEFINITIONS = (
					"DEBUG=1",
					"$(inherited)",
				);
				GCC_WARN_64_TO_32_BIT_CONVERSION = YES;
				GCC_WARN_ABOUT_RETURN_TYPE = YES_ERROR;
				GCC_WARN_UNDECLARED_SELECTOR = YES;
				GCC_WARN_UNINITIALIZED_AUTOS = YES_AGGRESSIVE;
				GCC_WARN_UNUSED_FUNCTION = YES;
				GCC_WARN_UNUSED_VARIABLE = YES;
				IPHONEOS_DEPLOYMENT_TARGET = 13.6;
				MTL_ENABLE_DEBUG_INFO = INCLUDE_SOURCE;
				MTL_FAST_MATH = YES;
				ONLY_ACTIVE_ARCH = YES;
				SDKROOT = iphoneos;
				SWIFT_ACTIVE_COMPILATION_CONDITIONS = DEBUG;
				SWIFT_OPTIMIZATION_LEVEL = "-Onone";
			};
			name = Debug;
		};
		D28F132524F8E72800E629A6 /* Release */ = {
			isa = XCBuildConfiguration;
			buildSettings = {
				ALWAYS_SEARCH_USER_PATHS = NO;
				CLANG_ANALYZER_NONNULL = YES;
				CLANG_ANALYZER_NUMBER_OBJECT_CONVERSION = YES_AGGRESSIVE;
				CLANG_CXX_LANGUAGE_STANDARD = "gnu++14";
				CLANG_CXX_LIBRARY = "libc++";
				CLANG_ENABLE_MODULES = YES;
				CLANG_ENABLE_OBJC_ARC = YES;
				CLANG_ENABLE_OBJC_WEAK = YES;
				CLANG_WARN_BLOCK_CAPTURE_AUTORELEASING = YES;
				CLANG_WARN_BOOL_CONVERSION = YES;
				CLANG_WARN_COMMA = YES;
				CLANG_WARN_CONSTANT_CONVERSION = YES;
				CLANG_WARN_DEPRECATED_OBJC_IMPLEMENTATIONS = YES;
				CLANG_WARN_DIRECT_OBJC_ISA_USAGE = YES_ERROR;
				CLANG_WARN_DOCUMENTATION_COMMENTS = YES;
				CLANG_WARN_EMPTY_BODY = YES;
				CLANG_WARN_ENUM_CONVERSION = YES;
				CLANG_WARN_INFINITE_RECURSION = YES;
				CLANG_WARN_INT_CONVERSION = YES;
				CLANG_WARN_NON_LITERAL_NULL_CONVERSION = YES;
				CLANG_WARN_OBJC_IMPLICIT_RETAIN_SELF = YES;
				CLANG_WARN_OBJC_LITERAL_CONVERSION = YES;
				CLANG_WARN_OBJC_ROOT_CLASS = YES_ERROR;
				CLANG_WARN_RANGE_LOOP_ANALYSIS = YES;
				CLANG_WARN_STRICT_PROTOTYPES = YES;
				CLANG_WARN_SUSPICIOUS_MOVE = YES;
				CLANG_WARN_UNGUARDED_AVAILABILITY = YES_AGGRESSIVE;
				CLANG_WARN_UNREACHABLE_CODE = YES;
				CLANG_WARN__DUPLICATE_METHOD_MATCH = YES;
				COPY_PHASE_STRIP = NO;
				DEBUG_INFORMATION_FORMAT = "dwarf-with-dsym";
				ENABLE_NS_ASSERTIONS = NO;
				ENABLE_STRICT_OBJC_MSGSEND = YES;
				GCC_C_LANGUAGE_STANDARD = gnu11;
				GCC_NO_COMMON_BLOCKS = YES;
				GCC_WARN_64_TO_32_BIT_CONVERSION = YES;
				GCC_WARN_ABOUT_RETURN_TYPE = YES_ERROR;
				GCC_WARN_UNDECLARED_SELECTOR = YES;
				GCC_WARN_UNINITIALIZED_AUTOS = YES_AGGRESSIVE;
				GCC_WARN_UNUSED_FUNCTION = YES;
				GCC_WARN_UNUSED_VARIABLE = YES;
				IPHONEOS_DEPLOYMENT_TARGET = 13.6;
				MTL_ENABLE_DEBUG_INFO = NO;
				MTL_FAST_MATH = YES;
				SDKROOT = iphoneos;
				SWIFT_COMPILATION_MODE = wholemodule;
				SWIFT_OPTIMIZATION_LEVEL = "-O";
				VALIDATE_PRODUCT = YES;
			};
			name = Release;
		};
		D28F132724F8E72800E629A6 /* Debug */ = {
			isa = XCBuildConfiguration;
			buildSettings = {
				ASSETCATALOG_COMPILER_APPICON_NAME = AppIcon;
				CODE_SIGN_STYLE = Automatic;
				DEVELOPMENT_TEAM = BS64L7F579;
				INFOPLIST_FILE = ReactiveTestApp/Info.plist;
				LD_RUNPATH_SEARCH_PATHS = (
					"$(inherited)",
					"@executable_path/Frameworks",
				);
				PRODUCT_BUNDLE_IDENTIFIER = com.kharchevskyi.ReactiveTestApp;
				PRODUCT_NAME = "$(TARGET_NAME)";
				SWIFT_VERSION = 5.0;
				TARGETED_DEVICE_FAMILY = "1,2";
			};
			name = Debug;
		};
		D28F132824F8E72800E629A6 /* Release */ = {
			isa = XCBuildConfiguration;
			buildSettings = {
				ASSETCATALOG_COMPILER_APPICON_NAME = AppIcon;
				CODE_SIGN_STYLE = Automatic;
				DEVELOPMENT_TEAM = BS64L7F579;
				INFOPLIST_FILE = ReactiveTestApp/Info.plist;
				LD_RUNPATH_SEARCH_PATHS = (
					"$(inherited)",
					"@executable_path/Frameworks",
				);
				PRODUCT_BUNDLE_IDENTIFIER = com.kharchevskyi.ReactiveTestApp;
				PRODUCT_NAME = "$(TARGET_NAME)";
				SWIFT_VERSION = 5.0;
				TARGETED_DEVICE_FAMILY = "1,2";
			};
			name = Release;
		};
/* End XCBuildConfiguration section */

/* Begin XCConfigurationList section */
		D28F130D24F8E72600E629A6 /* Build configuration list for PBXProject "ReactiveTestApp" */ = {
			isa = XCConfigurationList;
			buildConfigurations = (
				D28F132424F8E72800E629A6 /* Debug */,
				D28F132524F8E72800E629A6 /* Release */,
			);
			defaultConfigurationIsVisible = 0;
			defaultConfigurationName = Release;
		};
		D28F132624F8E72800E629A6 /* Build configuration list for PBXNativeTarget "ReactiveTestApp" */ = {
			isa = XCConfigurationList;
			buildConfigurations = (
				D28F132724F8E72800E629A6 /* Debug */,
				D28F132824F8E72800E629A6 /* Release */,
			);
			defaultConfigurationIsVisible = 0;
			defaultConfigurationName = Release;
		};
/* End XCConfigurationList section */

/* Begin XCRemoteSwiftPackageReference section */
		D28F132924F8E78700E629A6 /* XCRemoteSwiftPackageReference "RxSwift" */ = {
			isa = XCRemoteSwiftPackageReference;
			repositoryURL = "https://github.com/ReactiveX/RxSwift";
			requirement = {
				kind = upToNextMajorVersion;
				minimumVersion = 5.1.1;
			};
		};
/* End XCRemoteSwiftPackageReference section */

/* Begin XCSwiftPackageProductDependency section */
		D28F132A24F8E78700E629A6 /* RxSwift */ = {
			isa = XCSwiftPackageProductDependency;
			package = D28F132924F8E78700E629A6 /* XCRemoteSwiftPackageReference "RxSwift" */;
			productName = RxSwift;
		};
		D28F132C24F8E78700E629A6 /* RxCocoa */ = {
			isa = XCSwiftPackageProductDependency;
			package = D28F132924F8E78700E629A6 /* XCRemoteSwiftPackageReference "RxSwift" */;
			productName = RxCocoa;
		};
/* End XCSwiftPackageProductDependency section */
	};
	rootObject = D28F130A24F8E72600E629A6 /* Project object */;
}
